
Microsoft Visual Studio Solution File, Format Version 11.00
# Visual Studio 2010
Project("{FAE04EC0-301F-11D3-BF4B-00C04F79EFBC}") = "Waaz", "Waaz\Waaz.csproj", "{AD884991-EA1A-482B-81AB-AB5E98AAAC32}"
EndProject
Project("{FAE04EC0-301F-11D3-BF4B-00C04F79EFBC}") = "Waaz.Tests", "Waaz.Tests\Waaz.Tests.csproj", "{AB0A2383-DBB8-4A48-960C-847B4D2FD457}"
EndProject
Global
	GlobalSection(SolutionConfigurationPlatforms) = preSolution
		Debug|Any CPU = Debug|Any CPU
		Release|Any CPU = Release|Any CPU
	EndGlobalSection
	GlobalSection(ProjectConfigurationPlatforms) = postSolution
		{AD884991-EA1A-482B-81AB-AB5E98AAAC32}.Debug|Any CPU.ActiveCfg = Debug|Any CPU
		{AD884991-EA1A-482B-81AB-AB5E98AAAC32}.Debug|Any CPU.Build.0 = Debug|Any CPU
		{AD884991-EA1A-482B-81AB-AB5E98AAAC32}.Release|Any CPU.ActiveCfg = Release|Any CPU
		{AD884991-EA1A-482B-81AB-AB5E98AAAC32}.Release|Any CPU.Build.0 = Release|Any CPU
		{AB0A2383-DBB8-4A48-960C-847B4D2FD457}.Debug|Any CPU.ActiveCfg = Debug|Any CPU
		{AB0A2383-DBB8-4A48-960C-847B4D2FD457}.Debug|Any CPU.Build.0 = Debug|Any CPU
		{AB0A2383-DBB8-4A48-960C-847B4D2FD457}.Release|Any CPU.ActiveCfg = Release|Any CPU
		{AB0A2383-DBB8-4A48-960C-847B4D2FD457}.Release|Any CPU.Build.0 = Release|Any CPU
	EndGlobalSection
	GlobalSection(SolutionProperties) = preSolution
		HideSolutionNode = FALSE
	EndGlobalSection
EndGlobal
